<?xml version="1.0" encoding="utf-8"?>
<Project ToolsVersion="4.0" xmlns="http://schemas.microsoft.com/developer/msbuild/2003">
  <ItemGroup>
    <Filter Include="소스 파일">
      <UniqueIdentifier>{4FC737F1-C7A5-4376-A066-2A32D752A2FF}</UniqueIdentifier>
      <Extensions>cpp;c;cc;cxx;c++;cppm;ixx;def;odl;idl;hpj;bat;asm;asmx</Extensions>
    </Filter>
    <Filter Include="헤더 파일">
      <UniqueIdentifier>{93995380-89BD-4b04-88EB-625FBE52EBFB}</UniqueIdentifier>
      <Extensions>h;hh;hpp;hxx;h++;hm;inl;inc;ipp;xsd</Extensions>
    </Filter>
    <Filter Include="리소스 파일">
      <UniqueIdentifier>{67DA6AB6-F800-4c08-8B7A-83BB121AAD01}</UniqueIdentifier>
      <Extensions>rc;ico;cur;bmp;dlg;rc2;rct;bin;rgs;gif;jpg;jpeg;jpe;resx;tiff;tif;png;wav;mfcribbon-ms</Extensions>
    </Filter>
  </ItemGroup>
  <ItemGroup>
    <ClCompile Include="C++강좌.cpp">
      <Filter>소스 파일</Filter>
    </ClCompile>
    <ClCompile Include="1-3_C++문법구조모음.cpp">
      <Filter>소스 파일</Filter>
    </ClCompile>
    <ClCompile Include="2_래퍼런스도입.cpp">
      <Filter>소스 파일</Filter>
    </ClCompile>
    <ClCompile Include="3_new_delete.cpp">
      <Filter>소스 파일</Filter>
    </ClCompile>
    <ClCompile Include="4-1객체예제.cpp">
      <Filter>소스 파일</Filter>
    </ClCompile>
    <ClCompile Include="4-2함수의_오버로딩,생성.cpp">
      <Filter>소스 파일</Filter>
    </ClCompile>
    <ClCompile Include="4-2Date_클래스.cpp">
      <Filter>소스 파일</Filter>
    </ClCompile>
    <ClCompile Include="4-2문제2_교점의수.cpp">
      <Filter>소스 파일</Filter>
    </ClCompile>
    <ClCompile Include="4-3_스타_복사_생성자_소멸자.cpp">
      <Filter>소스 파일</Filter>
    </ClCompile>
    <ClCompile Include="4-3문제1_문자열_복사_붙이기.cpp">
      <Filter>소스 파일</Filter>
    </ClCompile>
    <ClCompile Include="4-4스타(const,static).cpp">
      <Filter>소스 파일</Filter>
    </ClCompile>
    <ClCompile Include="4-5_문자열클래스%28복습%29.cpp">
      <Filter>소스 파일</Filter>
    </ClCompile>
    <ClCompile Include="4-5내가만드는문자열.cpp">
      <Filter>소스 파일</Filter>
    </ClCompile>
    <ClCompile Include="4-6_explicit_mutable예제.cpp">
      <Filter>소스 파일</Filter>
    </ClCompile>
    <ClCompile Include="5-1Mystring_연산자_오버로딩.cpp">
      <Filter>소스 파일</Filter>
    </ClCompile>
    <ClCompile Include="5-1_복소수_연산자오버로딩.cpp">
      <Filter>소스 파일</Filter>
    </ClCompile>
    <ClCompile Include="5-2_friend정의.cpp">
      <Filter>소스 파일</Filter>
    </ClCompile>
    <ClCompile Include="5-2복소수연산자2.cpp">
      <Filter>소스 파일</Filter>
    </ClCompile>
    <ClCompile Include="5-2첨자연산자오버로딩.cpp">
      <Filter>소스 파일</Filter>
    </ClCompile>
    <ClCompile Include="5-2타입변환연산자.cpp">
      <Filter>소스 파일</Filter>
    </ClCompile>
    <ClCompile Include="5-2전위_후위_증감연산자.cpp">
      <Filter>소스 파일</Filter>
    </ClCompile>
    <ClCompile Include="5-3_N차원배열_오버로딩%28미완%29.cpp">
      <Filter>소스 파일</Filter>
    </ClCompile>
    <ClCompile Include="6-1_string_클래스.cpp">
      <Filter>소스 파일</Filter>
    </ClCompile>
    <ClCompile Include="6-1상속_기반,파생_클래스.cpp">
      <Filter>소스 파일</Filter>
    </ClCompile>
    <ClCompile Include="6-1_protected.cpp">
      <Filter>소스 파일</Filter>
    </ClCompile>
    <ClCompile Include="6-1_상속이용_사원관리_프로그램.cpp">
      <Filter>소스 파일</Filter>
    </ClCompile>
    <ClCompile Include="6-2_상속_기반,파생_포인터.cpp">
      <Filter>소스 파일</Filter>
    </ClCompile>
    <ClCompile Include="6-3_virtual_소멸자.cpp">
      <Filter>소스 파일</Filter>
    </ClCompile>
    <ClCompile Include="6-3순수가상함수_추상클래스.cpp">
      <Filter>소스 파일</Filter>
    </ClCompile>
    <ClCompile Include="6-3_다중상속.cpp">
      <Filter>소스 파일</Filter>
    </ClCompile>
    <ClCompile Include="7-1스트림버퍼예제.cpp">
      <Filter>소스 파일</Filter>
    </ClCompile>
    <ClCompile Include="7-2fstream.cpp">
      <Filter>소스 파일</Filter>
    </ClCompile>
    <ClCompile Include="8-1_Excel_project%28미완%29.cpp">
      <Filter>소스 파일</Filter>
    </ClCompile>
    <ClCompile Include="9-1_template.cpp">
      <Filter>소스 파일</Filter>
    </ClCompile>
    <ClCompile Include="9-2_가변길이템플릿.cpp">
      <Filter>소스 파일</Filter>
    </ClCompile>
    <ClCompile Include="9-3_템플릿_메타_프로그래밍.cpp">
      <Filter>소스 파일</Filter>
    </ClCompile>
    <ClCompile Include="10-1_STL_시퀸스컨테이너_vector.cpp">
      <Filter>소스 파일</Filter>
    </ClCompile>
    <ClCompile Include="10-1_STL_시퀸스컨테이너_리스트_덱.cpp">
      <Filter>소스 파일</Filter>
    </ClCompile>
    <ClCompile Include="10-2_연관컨테이너_set.cpp">
      <Filter>소스 파일</Filter>
    </ClCompile>
    <ClCompile Include="10-2_연관컨테이너_map.cpp">
      <Filter>소스 파일</Filter>
    </ClCompile>
    <ClCompile Include="10-2_연관컨테이너_multiset_multimap.cpp">
      <Filter>소스 파일</Filter>
    </ClCompile>
    <ClCompile Include="10-3_알고리즘_정렬.cpp">
      <Filter>소스 파일</Filter>
    </ClCompile>
  </ItemGroup>
</Project>